
Microsoft Visual Studio Solution File, Format Version 12.00
# Visual Studio Version 17
VisualStudioVersion = 17.8.34330.188
MinimumVisualStudioVersion = 10.0.40219.1
Project("{FAE04EC0-301F-11D3-BF4B-00C04F79EFBC}") = "TestesUnitarios-Console", "TestesUnitarios-Desafio\TestesUnitarios-Console.csproj", "{0A223FCA-5ECA-4A67-903D-372A7B004C24}"
EndProject
Project("{2150E333-8FDC-42A3-9474-1A3956D46DE8}") = "TestesUnitarios-Testes", "TestesUnitarios-Testes", "{7C557871-F817-4ADA-9D4F-FDF3DDD1B19F}"
EndProject
Project("{FAE04EC0-301F-11D3-BF4B-00C04F79EFBC}") = "TestesUnitarios-Testes", "TestesUnitarios-Testes\TestesUnitarios-Testes.csproj", "{E86BE16D-7525-42F8-AD03-8A7BEBAD4A76}"
EndProject
Global
	GlobalSection(SolutionConfigurationPlatforms) = preSolution
		Debug|Any CPU = Debug|Any CPU
		Release|Any CPU = Release|Any CPU
	EndGlobalSection
	GlobalSection(ProjectConfigurationPlatforms) = postSolution
		{0A223FCA-5ECA-4A67-903D-372A7B004C24}.Debug|Any CPU.ActiveCfg = Debug|Any CPU
		{0A223FCA-5ECA-4A67-903D-372A7B004C24}.Debug|Any CPU.Build.0 = Debug|Any CPU
		{0A223FCA-5ECA-4A67-903D-372A7B004C24}.Release|Any CPU.ActiveCfg = Release|Any CPU
		{0A223FCA-5ECA-4A67-903D-372A7B004C24}.Release|Any CPU.Build.0 = Release|Any CPU
		{E86BE16D-7525-42F8-AD03-8A7BEBAD4A76}.Debug|Any CPU.ActiveCfg = Debug|Any CPU
		{E86BE16D-7525-42F8-AD03-8A7BEBAD4A76}.Debug|Any CPU.Build.0 = Debug|Any CPU
		{E86BE16D-7525-42F8-AD03-8A7BEBAD4A76}.Release|Any CPU.ActiveCfg = Release|Any CPU
		{E86BE16D-7525-42F8-AD03-8A7BEBAD4A76}.Release|Any CPU.Build.0 = Release|Any CPU
	EndGlobalSection
	GlobalSection(SolutionProperties) = preSolution
		HideSolutionNode = FALSE
	EndGlobalSection
	GlobalSection(NestedProjects) = preSolution
		{E86BE16D-7525-42F8-AD03-8A7BEBAD4A76} = {7C557871-F817-4ADA-9D4F-FDF3DDD1B19F}
	EndGlobalSection
	GlobalSection(ExtensibilityGlobals) = postSolution
		SolutionGuid = {F39DF2F3-FBCF-4700-9736-FFFBBB1BB4F3}
	EndGlobalSection
EndGlobal
